
Microsoft Visual Studio Solution File, Format Version 12.00
# Visual Studio Version 17
VisualStudioVersion = 17.4.33110.190
MinimumVisualStudioVersion = 10.0.40219.1
Project("{9A19103F-16F7-4668-BE54-9A1E7A4F7556}") = "Bookstore_WebAPI", "Bookstore_WebAPI.csproj", "{263F324B-DFC4-40F4-B159-B2DBD6278013}"
EndProject
Project("{9A19103F-16F7-4668-BE54-9A1E7A4F7556}") = "Bookstore_Tests", "..\BookStore_Tests\Bookstore_Tests.csproj", "{4136B567-7470-4874-8950-BD87087723E2}"
EndProject
Global
	GlobalSection(SolutionConfigurationPlatforms) = preSolution
		Debug|Any CPU = Debug|Any CPU
		Release|Any CPU = Release|Any CPU
	EndGlobalSection
	GlobalSection(ProjectConfigurationPlatforms) = postSolution
		{263F324B-DFC4-40F4-B159-B2DBD6278013}.Debug|Any CPU.ActiveCfg = Debug|Any CPU
		{263F324B-DFC4-40F4-B159-B2DBD6278013}.Debug|Any CPU.Build.0 = Debug|Any CPU
		{263F324B-DFC4-40F4-B159-B2DBD6278013}.Release|Any CPU.ActiveCfg = Release|Any CPU
		{263F324B-DFC4-40F4-B159-B2DBD6278013}.Release|Any CPU.Build.0 = Release|Any CPU
		{4136B567-7470-4874-8950-BD87087723E2}.Debug|Any CPU.ActiveCfg = Debug|Any CPU
		{4136B567-7470-4874-8950-BD87087723E2}.Debug|Any CPU.Build.0 = Debug|Any CPU
		{4136B567-7470-4874-8950-BD87087723E2}.Release|Any CPU.ActiveCfg = Release|Any CPU
		{4136B567-7470-4874-8950-BD87087723E2}.Release|Any CPU.Build.0 = Release|Any CPU
	EndGlobalSection
	GlobalSection(SolutionProperties) = preSolution
		HideSolutionNode = FALSE
	EndGlobalSection
	GlobalSection(ExtensibilityGlobals) = postSolution
		SolutionGuid = {1FECE5F6-9F12-492E-A7AD-947CFB821F1F}
	EndGlobalSection
EndGlobal
